
Microsoft Visual Studio Solution File, Format Version 12.00
# Visual Studio 15
Project("{FAE04EC0-301F-11D3-BF4B-00C04F79EFBC}") = "Assembly-CSharp", "Assembly-CSharp.csproj", "{DC1A28B7-C7BA-CB8F-0BE9-B92E05FD37BE}"
EndProject
Global
	GlobalSection(SolutionConfigurationPlatforms) = preSolution
		Debug|Any CPU = Debug|Any CPU
		Release|Any CPU = Release|Any CPU
	EndGlobalSection
	GlobalSection(ProjectConfigurationPlatforms) = postSolution
		{DC1A28B7-C7BA-CB8F-0BE9-B92E05FD37BE}.Debug|Any CPU.ActiveCfg = Debug|Any CPU
		{DC1A28B7-C7BA-CB8F-0BE9-B92E05FD37BE}.Debug|Any CPU.Build.0 = Debug|Any CPU
		{DC1A28B7-C7BA-CB8F-0BE9-B92E05FD37BE}.Release|Any CPU.ActiveCfg = Release|Any CPU
		{DC1A28B7-C7BA-CB8F-0BE9-B92E05FD37BE}.Release|Any CPU.Build.0 = Release|Any CPU
	EndGlobalSection
	GlobalSection(SolutionProperties) = preSolution
		HideSolutionNode = FALSE
	EndGlobalSection
EndGlobal
